# This file is generated by running "yarn install" inside your project.
# Manual changes might be lost - proceed with caution!

__metadata:
  version: 8
  cacheKey: 10c0

"@prisma/client@npm:4.16.0":
  version: 4.16.0
  resolution: "@prisma/client@npm:4.16.0"
  dependencies:
    "@prisma/engines-version": "npm:4.16.0-66.b20ead4d3ab9e78ac112966e242ded703f4a052c"
  peerDependencies:
    prisma: "*"
  peerDependenciesMeta:
    prisma:
      optional: true
  checksum: 10c0/9d090e44318ea516a244f6af6c86ad2fa3b0f77c2b192611e2ec5014978354621a86809bffdbee9d3ba509ebadff6151217f9948ed85b6fc5f482ab9856eb3dc
  languageName: node
  linkType: hard

"@prisma/engines-version@npm:4.16.0-66.b20ead4d3ab9e78ac112966e242ded703f4a052c":
  version: 4.16.0-66.b20ead4d3ab9e78ac112966e242ded703f4a052c
  resolution: "@prisma/engines-version@npm:4.16.0-66.b20ead4d3ab9e78ac112966e242ded703f4a052c"
  checksum: 10c0/2975a2926d2070430d428d0770a25237626502384a4f5adbf1bde1e1d78dd675965795cd0b910a3a414b6a3396860184567b7e4e4dd33e47b5024169e65d9c91
  languageName: node
  linkType: hard

"@prisma/engines@npm:4.16.0":
  version: 4.16.0
  resolution: "@prisma/engines@npm:4.16.0"
  checksum: 10c0/b9d9b851e317144069b604b599856399133a4252c9b17e8841accb2f783bdc4041224b2988bbcda26e4c0aa09c10780204fd34a5b99036c1460b9b91d4ee7afe
  languageName: node
  linkType: hard

"otl-server-slow-query@workspace:.":
  version: 0.0.0-use.local
  resolution: "otl-server-slow-query@workspace:."
  dependencies:
    "@prisma/client": "npm:4.16.0"
    prisma: "npm:4.16.0"
  languageName: unknown
  linkType: soft

"prisma@npm:4.16.0":
  version: 4.16.0
  resolution: "prisma@npm:4.16.0"
  dependencies:
    "@prisma/engines": "npm:4.16.0"
  bin:
    prisma: build/index.js
    prisma2: build/index.js
  checksum: 10c0/c7416dd6dde8f990bd4e1efabe1b77b570c320e4708917f9bae4a6225b4ecd56ba47227930ffe6b87e8c188498988caf7b915f737b92abc4cc9bec478819276e
  languageName: node
  linkType: hard
